
Microsoft Visual Studio Solution File, Format Version 12.00
# Visual Studio Version 17
VisualStudioVersion = 17.3.32819.101
MinimumVisualStudioVersion = 10.0.40219.1
Project("{9A19103F-16F7-4668-BE54-9A1E7A4F7556}") = "HängaGubbe 1.0", "HängaGubbe 1.0.csproj", "{216E8740-6195-41D5-9C42-D100C443426B}"
EndProject
Global
	GlobalSection(SolutionConfigurationPlatforms) = preSolution
		Debug|Any CPU = Debug|Any CPU
		Release|Any CPU = Release|Any CPU
	EndGlobalSection
	GlobalSection(ProjectConfigurationPlatforms) = postSolution
		{216E8740-6195-41D5-9C42-D100C443426B}.Debug|Any CPU.ActiveCfg = Debug|Any CPU
		{216E8740-6195-41D5-9C42-D100C443426B}.Debug|Any CPU.Build.0 = Debug|Any CPU
		{216E8740-6195-41D5-9C42-D100C443426B}.Release|Any CPU.ActiveCfg = Release|Any CPU
		{216E8740-6195-41D5-9C42-D100C443426B}.Release|Any CPU.Build.0 = Release|Any CPU
	EndGlobalSection
	GlobalSection(SolutionProperties) = preSolution
		HideSolutionNode = FALSE
	EndGlobalSection
	GlobalSection(ExtensibilityGlobals) = postSolution
		SolutionGuid = {1EA8F096-27D0-4CF8-8547-82C1FFBA97C2}
	EndGlobalSection
EndGlobal
